{
  "name": "auth-create",
  "version": "1.0.4",
  "lockfileVersion": 3,
  "requires": true,
  "packages": {
    "": {
      "name": "auth-create",
      "version": "1.0.4",
      "license": "ISC",
      "dependencies": {
        "auth-create": "^1.0.1",
        "your-package-name": "^0.0.0"
      }
    },
    "node_modules/auth-create": {
      "version": "1.0.1",
      "resolved": "https://registry.npmjs.org/auth-create/-/auth-create-1.0.1.tgz",
      "integrity": "sha512-dJBcmyRKcP6j5bXN7e/GAAaJ+oYPfgf8361T3O1LZMTV2jiUXhs1bRc6qJTKdFrFkhMsY/0gDd0O+x03bPmaAA=="
    },
    "node_modules/your-package-name": {
      "version": "0.0.0",
      "resolved": "https://registry.npmjs.org/your-package-name/-/your-package-name-0.0.0.tgz",
      "integrity": "sha512-rSZcXpHm/885/C4tREMNhfdX8BiQuPM8zt/jvxL/qUJsweVrUlyluT5cQv+R4tQNoz5npIQ4gc/bww+7vLy6WA=="
    }
  }
}
